
Microsoft Visual Studio Solution File, Format Version 12.00
# Visual Studio Version 17
VisualStudioVersion = 17.3.32519.111
MinimumVisualStudioVersion = 10.0.40219.1
Project("{FAE04EC0-301F-11D3-BF4B-00C04F79EFBC}") = "PizzaStore", "PizzaStore\PizzaStore.csproj", "{5DBD3676-3BF7-4316-ACF7-B86CF150761B}"
EndProject
Global
	GlobalSection(SolutionConfigurationPlatforms) = preSolution
		Debug|Any CPU = Debug|Any CPU
		Release|Any CPU = Release|Any CPU
	EndGlobalSection
	GlobalSection(ProjectConfigurationPlatforms) = postSolution
		{5DBD3676-3BF7-4316-ACF7-B86CF150761B}.Debug|Any CPU.ActiveCfg = Debug|Any CPU
		{5DBD3676-3BF7-4316-ACF7-B86CF150761B}.Debug|Any CPU.Build.0 = Debug|Any CPU
		{5DBD3676-3BF7-4316-ACF7-B86CF150761B}.Release|Any CPU.ActiveCfg = Release|Any CPU
		{5DBD3676-3BF7-4316-ACF7-B86CF150761B}.Release|Any CPU.Build.0 = Release|Any CPU
	EndGlobalSection
	GlobalSection(SolutionProperties) = preSolution
		HideSolutionNode = FALSE
	EndGlobalSection
	GlobalSection(ExtensibilityGlobals) = postSolution
		SolutionGuid = {3F73EFCF-714B-4C0E-9D87-8094908027BE}
	EndGlobalSection
EndGlobal
